// !$*UTF8*$!
{
	archiveVersion = 1;
	classes = {
	};
	objectVersion = 55;
	objects = {

/* Begin PBXBuildFile section */
		0560AC10D3323CA7F336CF5D /* Pods_WeatherAppSP.framework in Frameworks */ = {isa = PBXBuildFile; fileRef = D0B09C6836BC7C432A8AD81A /* Pods_WeatherAppSP.framework */; };
		80238DB3275E2D5400668C0E /* WeatherDateFormatter.swift in Sources */ = {isa = PBXBuildFile; fileRef = 80238DB2275E2D5400668C0E /* WeatherDateFormatter.swift */; };
		80238DB6275E5B7400668C0E /* UIView+Extension.swift in Sources */ = {isa = PBXBuildFile; fileRef = 80238DB5275E5B7400668C0E /* UIView+Extension.swift */; };
		80238DB9275E5C5A00668C0E /* ForecastViewModel.swift in Sources */ = {isa = PBXBuildFile; fileRef = 80238DB8275E5C5A00668C0E /* ForecastViewModel.swift */; };
		80238DBB275E600D00668C0E /* WeatherDetailViewModel.swift in Sources */ = {isa = PBXBuildFile; fileRef = 80238DBA275E600D00668C0E /* WeatherDetailViewModel.swift */; };
		80238DBD275E662800668C0E /* LabelFormatter.swift in Sources */ = {isa = PBXBuildFile; fileRef = 80238DBC275E662800668C0E /* LabelFormatter.swift */; };
		80262D81275FA7B4001A662B /* SettingsTableViewCell.swift in Sources */ = {isa = PBXBuildFile; fileRef = 80262D7F275FA7B4001A662B /* SettingsTableViewCell.swift */; };
		80262D82275FA7B4001A662B /* SettingsTableViewCell.xib in Resources */ = {isa = PBXBuildFile; fileRef = 80262D80275FA7B4001A662B /* SettingsTableViewCell.xib */; };
		80262D84275FB9DD001A662B /* UICollectionView+Extension.swift in Sources */ = {isa = PBXBuildFile; fileRef = 80262D83275FB9DD001A662B /* UICollectionView+Extension.swift */; };
		80262D89275FC08E001A662B /* SettingsDetailsTableViewCell.swift in Sources */ = {isa = PBXBuildFile; fileRef = 80262D87275FC08E001A662B /* SettingsDetailsTableViewCell.swift */; };
		80262D8A275FC08E001A662B /* SettingsDetailsTableViewCell.xib in Resources */ = {isa = PBXBuildFile; fileRef = 80262D88275FC08E001A662B /* SettingsDetailsTableViewCell.xib */; };
		80262D8C275FC22F001A662B /* SettingsDetailsModel.swift in Sources */ = {isa = PBXBuildFile; fileRef = 80262D8B275FC22F001A662B /* SettingsDetailsModel.swift */; };
		803B807E2760B6C000BCA239 /* SettingsManager.swift in Sources */ = {isa = PBXBuildFile; fileRef = 803B807D2760B6C000BCA239 /* SettingsManager.swift */; };
		804279A927673E9C00334910 /* WeatherDetailView.xib in Resources */ = {isa = PBXBuildFile; fileRef = 804279A827673E9C00334910 /* WeatherDetailView.xib */; };
		8063083B274E4C67003C7905 /* NetworkManager.swift in Sources */ = {isa = PBXBuildFile; fileRef = 8063083A274E4C67003C7905 /* NetworkManager.swift */; };
		8063083D274E8BDE003C7905 /* ResponseModel.swift in Sources */ = {isa = PBXBuildFile; fileRef = 8063083C274E8BDE003C7905 /* ResponseModel.swift */; };
		80630841274E9E51003C7905 /* CityWeather.swift in Sources */ = {isa = PBXBuildFile; fileRef = 80630840274E9E51003C7905 /* CityWeather.swift */; };
		80630845274F91CB003C7905 /* WeatherViewController.swift in Sources */ = {isa = PBXBuildFile; fileRef = 80630844274F91CB003C7905 /* WeatherViewController.swift */; };
		8064657C2767352A0084896C /* WeatherDetailView.swift in Sources */ = {isa = PBXBuildFile; fileRef = 8064657A2767352A0084896C /* WeatherDetailView.swift */; };
		80896BCC27675E3400C238AE /* WeatherDetailViewController.swift in Sources */ = {isa = PBXBuildFile; fileRef = 80896BCA27675E3400C238AE /* WeatherDetailViewController.swift */; };
		80896BCF27677DAC00C238AE /* WeatherDetailViewController.storyboard in Resources */ = {isa = PBXBuildFile; fileRef = 80896BCE27677DAC00C238AE /* WeatherDetailViewController.storyboard */; };
		80896BD32767947B00C238AE /* WeatherDetailTableViewCell.swift in Sources */ = {isa = PBXBuildFile; fileRef = 80896BD12767947B00C238AE /* WeatherDetailTableViewCell.swift */; };
		80896BD42767947B00C238AE /* WeatherDetailTableViewCell.xib in Resources */ = {isa = PBXBuildFile; fileRef = 80896BD22767947B00C238AE /* WeatherDetailTableViewCell.xib */; };
		80896BD82767A3EA00C238AE /* WeatherDetailsModel.swift in Sources */ = {isa = PBXBuildFile; fileRef = 80896BD72767A3EA00C238AE /* WeatherDetailsModel.swift */; };
		808C09702758CBF6009AF7DF /* ImageWeather.swift in Sources */ = {isa = PBXBuildFile; fileRef = 808C096F2758CBF6009AF7DF /* ImageWeather.swift */; };
		808C09722758D86B009AF7DF /* WeatherDetailItem.swift in Sources */ = {isa = PBXBuildFile; fileRef = 808C09712758D86B009AF7DF /* WeatherDetailItem.swift */; };
		808C097527592F5C009AF7DF /* TabBarController.swift in Sources */ = {isa = PBXBuildFile; fileRef = 808C097427592F5C009AF7DF /* TabBarController.swift */; };
		809A6B14276259FA0032D06C /* СonverterManager.swift in Sources */ = {isa = PBXBuildFile; fileRef = 809A6B13276259FA0032D06C /* СonverterManager.swift */; };
		809D44C92757845A00CC3586 /* ForecastCollectionViewCell.swift in Sources */ = {isa = PBXBuildFile; fileRef = 809D44C82757845A00CC3586 /* ForecastCollectionViewCell.swift */; };
		809D44CB275784A900CC3586 /* ForecastCollectionViewCell.xib in Resources */ = {isa = PBXBuildFile; fileRef = 809D44CA275784A900CC3586 /* ForecastCollectionViewCell.xib */; };
		80EBCC75274D53E600319585 /* AppDelegate.swift in Sources */ = {isa = PBXBuildFile; fileRef = 80EBCC74274D53E600319585 /* AppDelegate.swift */; };
		80EBCC77274D53E600319585 /* SceneDelegate.swift in Sources */ = {isa = PBXBuildFile; fileRef = 80EBCC76274D53E600319585 /* SceneDelegate.swift */; };
		80EBCC7C274D53E600319585 /* Main.storyboard in Resources */ = {isa = PBXBuildFile; fileRef = 80EBCC7A274D53E600319585 /* Main.storyboard */; };
		80EBCC7E274D53F200319585 /* Assets.xcassets in Resources */ = {isa = PBXBuildFile; fileRef = 80EBCC7D274D53F200319585 /* Assets.xcassets */; };
		80EBCC81274D53F200319585 /* LaunchScreen.storyboard in Resources */ = {isa = PBXBuildFile; fileRef = 80EBCC7F274D53F200319585 /* LaunchScreen.storyboard */; };
		80F30381275F60A600AB80E9 /* SettingsViewController.swift in Sources */ = {isa = PBXBuildFile; fileRef = 80F30380275F60A600AB80E9 /* SettingsViewController.swift */; };
		80F30383275F616C00AB80E9 /* BaseViewController.swift in Sources */ = {isa = PBXBuildFile; fileRef = 80F30382275F616C00AB80E9 /* BaseViewController.swift */; };
		80F30393275F7E6C00AB80E9 /* SettingsModel.swift in Sources */ = {isa = PBXBuildFile; fileRef = 80F30392275F7E6C00AB80E9 /* SettingsModel.swift */; };
		80F30395275F7F7900AB80E9 /* UITableView+Extension.swift in Sources */ = {isa = PBXBuildFile; fileRef = 80F30394275F7F7900AB80E9 /* UITableView+Extension.swift */; };
/* End PBXBuildFile section */

/* Begin PBXFileReference section */
		80238DB2275E2D5400668C0E /* WeatherDateFormatter.swift */ = {isa = PBXFileReference; lastKnownFileType = sourcecode.swift; path = WeatherDateFormatter.swift; sourceTree = "<group>"; };
		80238DB5275E5B7400668C0E /* UIView+Extension.swift */ = {isa = PBXFileReference; lastKnownFileType = sourcecode.swift; path = "UIView+Extension.swift"; sourceTree = "<group>"; };
		80238DB8275E5C5A00668C0E /* ForecastViewModel.swift */ = {isa = PBXFileReference; lastKnownFileType = sourcecode.swift; path = ForecastViewModel.swift; sourceTree = "<group>"; };
		80238DBA275E600D00668C0E /* WeatherDetailViewModel.swift */ = {isa = PBXFileReference; lastKnownFileType = sourcecode.swift; path = WeatherDetailViewModel.swift; sourceTree = "<group>"; };
		80238DBC275E662800668C0E /* LabelFormatter.swift */ = {isa = PBXFileReference; lastKnownFileType = sourcecode.swift; path = LabelFormatter.swift; sourceTree = "<group>"; };
		80262D7F275FA7B4001A662B /* SettingsTableViewCell.swift */ = {isa = PBXFileReference; lastKnownFileType = sourcecode.swift; path = SettingsTableViewCell.swift; sourceTree = "<group>"; };
		80262D80275FA7B4001A662B /* SettingsTableViewCell.xib */ = {isa = PBXFileReference; lastKnownFileType = file.xib; path = SettingsTableViewCell.xib; sourceTree = "<group>"; };
		80262D83275FB9DD001A662B /* UICollectionView+Extension.swift */ = {isa = PBXFileReference; lastKnownFileType = sourcecode.swift; path = "UICollectionView+Extension.swift"; sourceTree = "<group>"; };
		80262D87275FC08E001A662B /* SettingsDetailsTableViewCell.swift */ = {isa = PBXFileReference; lastKnownFileType = sourcecode.swift; path = SettingsDetailsTableViewCell.swift; sourceTree = "<group>"; };
		80262D88275FC08E001A662B /* SettingsDetailsTableViewCell.xib */ = {isa = PBXFileReference; lastKnownFileType = file.xib; path = SettingsDetailsTableViewCell.xib; sourceTree = "<group>"; };
		80262D8B275FC22F001A662B /* SettingsDetailsModel.swift */ = {isa = PBXFileReference; lastKnownFileType = sourcecode.swift; path = SettingsDetailsModel.swift; sourceTree = "<group>"; };
		803B807D2760B6C000BCA239 /* SettingsManager.swift */ = {isa = PBXFileReference; lastKnownFileType = sourcecode.swift; path = SettingsManager.swift; sourceTree = "<group>"; };
		804279A827673E9C00334910 /* WeatherDetailView.xib */ = {isa = PBXFileReference; lastKnownFileType = file.xib; path = WeatherDetailView.xib; sourceTree = "<group>"; };
		8063083A274E4C67003C7905 /* NetworkManager.swift */ = {isa = PBXFileReference; lastKnownFileType = sourcecode.swift; path = NetworkManager.swift; sourceTree = "<group>"; };
		8063083C274E8BDE003C7905 /* ResponseModel.swift */ = {isa = PBXFileReference; lastKnownFileType = sourcecode.swift; path = ResponseModel.swift; sourceTree = "<group>"; };
		80630840274E9E51003C7905 /* CityWeather.swift */ = {isa = PBXFileReference; lastKnownFileType = sourcecode.swift; path = CityWeather.swift; sourceTree = "<group>"; };
		80630844274F91CB003C7905 /* WeatherViewController.swift */ = {isa = PBXFileReference; lastKnownFileType = sourcecode.swift; path = WeatherViewController.swift; sourceTree = "<group>"; };
		8064657A2767352A0084896C /* WeatherDetailView.swift */ = {isa = PBXFileReference; lastKnownFileType = sourcecode.swift; path = WeatherDetailView.swift; sourceTree = "<group>"; };
		80896BCA27675E3400C238AE /* WeatherDetailViewController.swift */ = {isa = PBXFileReference; lastKnownFileType = sourcecode.swift; path = WeatherDetailViewController.swift; sourceTree = "<group>"; };
		80896BCE27677DAC00C238AE /* WeatherDetailViewController.storyboard */ = {isa = PBXFileReference; lastKnownFileType = file.storyboard; path = WeatherDetailViewController.storyboard; sourceTree = "<group>"; };
		80896BD12767947B00C238AE /* WeatherDetailTableViewCell.swift */ = {isa = PBXFileReference; lastKnownFileType = sourcecode.swift; path = WeatherDetailTableViewCell.swift; sourceTree = "<group>"; };
		80896BD22767947B00C238AE /* WeatherDetailTableViewCell.xib */ = {isa = PBXFileReference; lastKnownFileType = file.xib; path = WeatherDetailTableViewCell.xib; sourceTree = "<group>"; };
		80896BD72767A3EA00C238AE /* WeatherDetailsModel.swift */ = {isa = PBXFileReference; lastKnownFileType = sourcecode.swift; path = WeatherDetailsModel.swift; sourceTree = "<group>"; };
		808C096F2758CBF6009AF7DF /* ImageWeather.swift */ = {isa = PBXFileReference; lastKnownFileType = sourcecode.swift; path = ImageWeather.swift; sourceTree = "<group>"; };
		808C09712758D86B009AF7DF /* WeatherDetailItem.swift */ = {isa = PBXFileReference; lastKnownFileType = sourcecode.swift; path = WeatherDetailItem.swift; sourceTree = "<group>"; };
		808C097427592F5C009AF7DF /* TabBarController.swift */ = {isa = PBXFileReference; lastKnownFileType = sourcecode.swift; path = TabBarController.swift; sourceTree = "<group>"; };
		809A6B13276259FA0032D06C /* СonverterManager.swift */ = {isa = PBXFileReference; lastKnownFileType = sourcecode.swift; path = "СonverterManager.swift"; sourceTree = "<group>"; };
		809D44C82757845A00CC3586 /* ForecastCollectionViewCell.swift */ = {isa = PBXFileReference; lastKnownFileType = sourcecode.swift; path = ForecastCollectionViewCell.swift; sourceTree = "<group>"; };
		809D44CA275784A900CC3586 /* ForecastCollectionViewCell.xib */ = {isa = PBXFileReference; lastKnownFileType = file.xib; path = ForecastCollectionViewCell.xib; sourceTree = "<group>"; };
		80EBCC71274D53E600319585 /* WeatherAppSP.app */ = {isa = PBXFileReference; explicitFileType = wrapper.application; includeInIndex = 0; path = WeatherAppSP.app; sourceTree = BUILT_PRODUCTS_DIR; };
		80EBCC74274D53E600319585 /* AppDelegate.swift */ = {isa = PBXFileReference; lastKnownFileType = sourcecode.swift; path = AppDelegate.swift; sourceTree = "<group>"; };
		80EBCC76274D53E600319585 /* SceneDelegate.swift */ = {isa = PBXFileReference; lastKnownFileType = sourcecode.swift; path = SceneDelegate.swift; sourceTree = "<group>"; };
		80EBCC7B274D53E600319585 /* Base */ = {isa = PBXFileReference; lastKnownFileType = file.storyboard; name = Base; path = Base.lproj/Main.storyboard; sourceTree = "<group>"; };
		80EBCC7D274D53F200319585 /* Assets.xcassets */ = {isa = PBXFileReference; lastKnownFileType = folder.assetcatalog; path = Assets.xcassets; sourceTree = "<group>"; };
		80EBCC80274D53F200319585 /* Base */ = {isa = PBXFileReference; lastKnownFileType = file.storyboard; name = Base; path = Base.lproj/LaunchScreen.storyboard; sourceTree = "<group>"; };
		80EBCC82274D53F200319585 /* Info.plist */ = {isa = PBXFileReference; lastKnownFileType = text.plist.xml; path = Info.plist; sourceTree = "<group>"; };
		80F30380275F60A600AB80E9 /* SettingsViewController.swift */ = {isa = PBXFileReference; lastKnownFileType = sourcecode.swift; path = SettingsViewController.swift; sourceTree = "<group>"; };
		80F30382275F616C00AB80E9 /* BaseViewController.swift */ = {isa = PBXFileReference; lastKnownFileType = sourcecode.swift; path = BaseViewController.swift; sourceTree = "<group>"; };
		80F30392275F7E6C00AB80E9 /* SettingsModel.swift */ = {isa = PBXFileReference; lastKnownFileType = sourcecode.swift; path = SettingsModel.swift; sourceTree = "<group>"; };
		80F30394275F7F7900AB80E9 /* UITableView+Extension.swift */ = {isa = PBXFileReference; lastKnownFileType = sourcecode.swift; path = "UITableView+Extension.swift"; sourceTree = "<group>"; };
		8A03CE07C9741492B7E7745C /* Pods-WeatherAppSP.release.xcconfig */ = {isa = PBXFileReference; includeInIndex = 1; lastKnownFileType = text.xcconfig; name = "Pods-WeatherAppSP.release.xcconfig"; path = "Target Support Files/Pods-WeatherAppSP/Pods-WeatherAppSP.release.xcconfig"; sourceTree = "<group>"; };
		D0B09C6836BC7C432A8AD81A /* Pods_WeatherAppSP.framework */ = {isa = PBXFileReference; explicitFileType = wrapper.framework; includeInIndex = 0; path = Pods_WeatherAppSP.framework; sourceTree = BUILT_PRODUCTS_DIR; };
		E586CDE6186AA06D6E121DAD /* Pods-WeatherAppSP.debug.xcconfig */ = {isa = PBXFileReference; includeInIndex = 1; lastKnownFileType = text.xcconfig; name = "Pods-WeatherAppSP.debug.xcconfig"; path = "Target Support Files/Pods-WeatherAppSP/Pods-WeatherAppSP.debug.xcconfig"; sourceTree = "<group>"; };
/* End PBXFileReference section */

/* Begin PBXFrameworksBuildPhase section */
		80EBCC6E274D53E600319585 /* Frameworks */ = {
			isa = PBXFrameworksBuildPhase;
			buildActionMask = 2147483647;
			files = (
				0560AC10D3323CA7F336CF5D /* Pods_WeatherAppSP.framework in Frameworks */,
			);
			runOnlyForDeploymentPostprocessing = 0;
		};
/* End PBXFrameworksBuildPhase section */

/* Begin PBXGroup section */
		80238DB4275E5B3200668C0E /* Extensions */ = {
			isa = PBXGroup;
			children = (
				80238DB5275E5B7400668C0E /* UIView+Extension.swift */,
				80262D83275FB9DD001A662B /* UICollectionView+Extension.swift */,
				80F30394275F7F7900AB80E9 /* UITableView+Extension.swift */,
			);
			path = Extensions;
			sourceTree = "<group>";
		};
		80238DB7275E5C2300668C0E /* ViewModels */ = {
			isa = PBXGroup;
			children = (
				80238DB8275E5C5A00668C0E /* ForecastViewModel.swift */,
				80238DBA275E600D00668C0E /* WeatherDetailViewModel.swift */,
			);
			path = ViewModels;
			sourceTree = "<group>";
		};
		803B807C2760B68500BCA239 /* Managers */ = {
			isa = PBXGroup;
			children = (
				803B807D2760B6C000BCA239 /* SettingsManager.swift */,
				809A6B13276259FA0032D06C /* СonverterManager.swift */,
			);
			path = Managers;
			sourceTree = "<group>";
		};
		80630838274E4BE6003C7905 /* Networking */ = {
			isa = PBXGroup;
			children = (
				8063083A274E4C67003C7905 /* NetworkManager.swift */,
			);
			path = Networking;
			sourceTree = "<group>";
		};
		80630839274E4BF2003C7905 /* Models */ = {
			isa = PBXGroup;
			children = (
				8063083C274E8BDE003C7905 /* ResponseModel.swift */,
				80630840274E9E51003C7905 /* CityWeather.swift */,
				808C09712758D86B009AF7DF /* WeatherDetailItem.swift */,
				80F30392275F7E6C00AB80E9 /* SettingsModel.swift */,
				80262D8B275FC22F001A662B /* SettingsDetailsModel.swift */,
				80896BD72767A3EA00C238AE /* WeatherDetailsModel.swift */,
			);
			path = Models;
			sourceTree = "<group>";
		};
		80630842274F912F003C7905 /* UI */ = {
			isa = PBXGroup;
			children = (
				80EBCC7A274D53E600319585 /* Main.storyboard */,
				808C097327592F34009AF7DF /* TabBarControllers */,
				80630843274F916B003C7905 /* ViewControllers */,
				80F30384275F6D3C00AB80E9 /* Cells */,
				8063084A274FDE6A003C7905 /* WeatherDetailView */,
			);
			path = UI;
			sourceTree = "<group>";
		};
		80630843274F916B003C7905 /* ViewControllers */ = {
			isa = PBXGroup;
			children = (
				80F30382275F616C00AB80E9 /* BaseViewController.swift */,
				80630844274F91CB003C7905 /* WeatherViewController.swift */,
				80F30380275F60A600AB80E9 /* SettingsViewController.swift */,
				80896BCA27675E3400C238AE /* WeatherDetailViewController.swift */,
				80896BCE27677DAC00C238AE /* WeatherDetailViewController.storyboard */,
			);
			path = ViewControllers;
			sourceTree = "<group>";
		};
		8063084A274FDE6A003C7905 /* WeatherDetailView */ = {
			isa = PBXGroup;
			children = (
				8064657A2767352A0084896C /* WeatherDetailView.swift */,
				804279A827673E9C00334910 /* WeatherDetailView.xib */,
			);
			path = WeatherDetailView;
			sourceTree = "<group>";
		};
		80896BD02767941600C238AE /* WeatherDetailCell */ = {
			isa = PBXGroup;
			children = (
				80896BD12767947B00C238AE /* WeatherDetailTableViewCell.swift */,
				80896BD22767947B00C238AE /* WeatherDetailTableViewCell.xib */,
			);
			path = WeatherDetailCell;
			sourceTree = "<group>";
		};
		808C097327592F34009AF7DF /* TabBarControllers */ = {
			isa = PBXGroup;
			children = (
				808C097427592F5C009AF7DF /* TabBarController.swift */,
			);
			path = TabBarControllers;
			sourceTree = "<group>";
		};
		809D44C72757843000CC3586 /* ForecastCell */ = {
			isa = PBXGroup;
			children = (
				809D44C82757845A00CC3586 /* ForecastCollectionViewCell.swift */,
				809D44CA275784A900CC3586 /* ForecastCollectionViewCell.xib */,
			);
			path = ForecastCell;
			sourceTree = "<group>";
		};
		80EBCC68274D53E600319585 = {
			isa = PBXGroup;
			children = (
				80EBCC73274D53E600319585 /* WeatherAppSP */,
				80EBCC72274D53E600319585 /* Products */,
				AFC5F06190BAE515D2F4B818 /* Pods */,
				BD4306980DFD2890B53F03FE /* Frameworks */,
			);
			sourceTree = "<group>";
		};
		80EBCC72274D53E600319585 /* Products */ = {
			isa = PBXGroup;
			children = (
				80EBCC71274D53E600319585 /* WeatherAppSP.app */,
			);
			name = Products;
			sourceTree = "<group>";
		};
		80EBCC73274D53E600319585 /* WeatherAppSP */ = {
			isa = PBXGroup;
			children = (
				80238DB4275E5B3200668C0E /* Extensions */,
				808C096F2758CBF6009AF7DF /* ImageWeather.swift */,
				80238DB2275E2D5400668C0E /* WeatherDateFormatter.swift */,
				80238DBC275E662800668C0E /* LabelFormatter.swift */,
				80630839274E4BF2003C7905 /* Models */,
				803B807C2760B68500BCA239 /* Managers */,
				80630838274E4BE6003C7905 /* Networking */,
				80630842274F912F003C7905 /* UI */,
				80238DB7275E5C2300668C0E /* ViewModels */,
				80EBCC74274D53E600319585 /* AppDelegate.swift */,
				80EBCC76274D53E600319585 /* SceneDelegate.swift */,
				80EBCC7D274D53F200319585 /* Assets.xcassets */,
				80EBCC7F274D53F200319585 /* LaunchScreen.storyboard */,
				80EBCC82274D53F200319585 /* Info.plist */,
			);
			path = WeatherAppSP;
			sourceTree = "<group>";
		};
		80F30384275F6D3C00AB80E9 /* Cells */ = {
			isa = PBXGroup;
			children = (
				809D44C72757843000CC3586 /* ForecastCell */,
				80F30385275F6D3C00AB80E9 /* SettingsCells */,
				80896BD02767941600C238AE /* WeatherDetailCell */,
			);
			path = Cells;
			sourceTree = "<group>";
		};
		80F30385275F6D3C00AB80E9 /* SettingsCells */ = {
			isa = PBXGroup;
			children = (
				80262D7F275FA7B4001A662B /* SettingsTableViewCell.swift */,
				80262D80275FA7B4001A662B /* SettingsTableViewCell.xib */,
				80262D87275FC08E001A662B /* SettingsDetailsTableViewCell.swift */,
				80262D88275FC08E001A662B /* SettingsDetailsTableViewCell.xib */,
			);
			path = SettingsCells;
			sourceTree = "<group>";
		};
		AFC5F06190BAE515D2F4B818 /* Pods */ = {
			isa = PBXGroup;
			children = (
				E586CDE6186AA06D6E121DAD /* Pods-WeatherAppSP.debug.xcconfig */,
				8A03CE07C9741492B7E7745C /* Pods-WeatherAppSP.release.xcconfig */,
			);
			path = Pods;
			sourceTree = "<group>";
		};
		BD4306980DFD2890B53F03FE /* Frameworks */ = {
			isa = PBXGroup;
			children = (
				D0B09C6836BC7C432A8AD81A /* Pods_WeatherAppSP.framework */,
			);
			name = Frameworks;
			sourceTree = "<group>";
		};
/* End PBXGroup section */

/* Begin PBXNativeTarget section */
		80EBCC70274D53E600319585 /* WeatherAppSP */ = {
			isa = PBXNativeTarget;
			buildConfigurationList = 80EBCC85274D53F200319585 /* Build configuration list for PBXNativeTarget "WeatherAppSP" */;
			buildPhases = (
				80238DB1275E04BF00668C0E /* Run SwiftLint */,
				566A154F316DD13ADCE7D730 /* [CP] Check Pods Manifest.lock */,
				80EBCC6D274D53E600319585 /* Sources */,
				80EBCC6E274D53E600319585 /* Frameworks */,
				80EBCC6F274D53E600319585 /* Resources */,
			);
			buildRules = (
			);
			dependencies = (
			);
			name = WeatherAppSP;
			productName = WeatherAppSP;
			productReference = 80EBCC71274D53E600319585 /* WeatherAppSP.app */;
			productType = "com.apple.product-type.application";
		};
/* End PBXNativeTarget section */

/* Begin PBXProject section */
		80EBCC69274D53E600319585 /* Project object */ = {
			isa = PBXProject;
			attributes = {
				BuildIndependentTargetsInParallel = 1;
				LastSwiftUpdateCheck = 1310;
				LastUpgradeCheck = 1310;
				TargetAttributes = {
					80EBCC70274D53E600319585 = {
						CreatedOnToolsVersion = 13.1;
					};
				};
			};
			buildConfigurationList = 80EBCC6C274D53E600319585 /* Build configuration list for PBXProject "WeatherAppSP" */;
			compatibilityVersion = "Xcode 13.0";
			developmentRegion = en;
			hasScannedForEncodings = 0;
			knownRegions = (
				en,
				Base,
			);
			mainGroup = 80EBCC68274D53E600319585;
			productRefGroup = 80EBCC72274D53E600319585 /* Products */;
			projectDirPath = "";
			projectRoot = "";
			targets = (
				80EBCC70274D53E600319585 /* WeatherAppSP */,
			);
		};
/* End PBXProject section */

/* Begin PBXResourcesBuildPhase section */
		80EBCC6F274D53E600319585 /* Resources */ = {
			isa = PBXResourcesBuildPhase;
			buildActionMask = 2147483647;
			files = (
				80262D82275FA7B4001A662B /* SettingsTableViewCell.xib in Resources */,
				80EBCC81274D53F200319585 /* LaunchScreen.storyboard in Resources */,
				80896BCF27677DAC00C238AE /* WeatherDetailViewController.storyboard in Resources */,
				80262D8A275FC08E001A662B /* SettingsDetailsTableViewCell.xib in Resources */,
				804279A927673E9C00334910 /* WeatherDetailView.xib in Resources */,
				80EBCC7E274D53F200319585 /* Assets.xcassets in Resources */,
				809D44CB275784A900CC3586 /* ForecastCollectionViewCell.xib in Resources */,
				80EBCC7C274D53E600319585 /* Main.storyboard in Resources */,
				80896BD42767947B00C238AE /* WeatherDetailTableViewCell.xib in Resources */,
			);
			runOnlyForDeploymentPostprocessing = 0;
		};
/* End PBXResourcesBuildPhase section */

/* Begin PBXShellScriptBuildPhase section */
		566A154F316DD13ADCE7D730 /* [CP] Check Pods Manifest.lock */ = {
			isa = PBXShellScriptBuildPhase;
			buildActionMask = 2147483647;
			files = (
			);
			inputFileListPaths = (
			);
			inputPaths = (
				"${PODS_PODFILE_DIR_PATH}/Podfile.lock",
				"${PODS_ROOT}/Manifest.lock",
			);
			name = "[CP] Check Pods Manifest.lock";
			outputFileListPaths = (
			);
			outputPaths = (
				"$(DERIVED_FILE_DIR)/Pods-WeatherAppSP-checkManifestLockResult.txt",
			);
			runOnlyForDeploymentPostprocessing = 0;
			shellPath = /bin/sh;
			shellScript = "diff \"${PODS_PODFILE_DIR_PATH}/Podfile.lock\" \"${PODS_ROOT}/Manifest.lock\" > /dev/null\nif [ $? != 0 ] ; then\n    # print error to STDERR\n    echo \"error: The sandbox is not in sync with the Podfile.lock. Run 'pod install' or update your CocoaPods installation.\" >&2\n    exit 1\nfi\n# This output is used by Xcode 'outputs' to avoid re-running this script phase.\necho \"SUCCESS\" > \"${SCRIPT_OUTPUT_FILE_0}\"\n";
			showEnvVarsInLog = 0;
		};
		80238DB1275E04BF00668C0E /* Run SwiftLint */ = {
			isa = PBXShellScriptBuildPhase;
			buildActionMask = 2147483647;
			files = (
			);
			inputFileListPaths = (
			);
			inputPaths = (
			);
			name = "Run SwiftLint";
			outputFileListPaths = (
			);
			outputPaths = (
			);
			runOnlyForDeploymentPostprocessing = 0;
			shellPath = /bin/sh;
			shellScript = "${PODS_ROOT}/SwiftLint/swiftlint\n";
		};
/* End PBXShellScriptBuildPhase section */

/* Begin PBXSourcesBuildPhase section */
		80EBCC6D274D53E600319585 /* Sources */ = {
			isa = PBXSourcesBuildPhase;
			buildActionMask = 2147483647;
			files = (
				80238DB6275E5B7400668C0E /* UIView+Extension.swift in Sources */,
				8063083B274E4C67003C7905 /* NetworkManager.swift in Sources */,
				80238DBD275E662800668C0E /* LabelFormatter.swift in Sources */,
				80238DB9275E5C5A00668C0E /* ForecastViewModel.swift in Sources */,
				80F30383275F616C00AB80E9 /* BaseViewController.swift in Sources */,
				80EBCC75274D53E600319585 /* AppDelegate.swift in Sources */,
				80896BD32767947B00C238AE /* WeatherDetailTableViewCell.swift in Sources */,
				80238DBB275E600D00668C0E /* WeatherDetailViewModel.swift in Sources */,
				80238DB3275E2D5400668C0E /* WeatherDateFormatter.swift in Sources */,
				80262D84275FB9DD001A662B /* UICollectionView+Extension.swift in Sources */,
				80896BCC27675E3400C238AE /* WeatherDetailViewController.swift in Sources */,
				808C09722758D86B009AF7DF /* WeatherDetailItem.swift in Sources */,
				80630841274E9E51003C7905 /* CityWeather.swift in Sources */,
				80F30395275F7F7900AB80E9 /* UITableView+Extension.swift in Sources */,
				80262D8C275FC22F001A662B /* SettingsDetailsModel.swift in Sources */,
				809D44C92757845A00CC3586 /* ForecastCollectionViewCell.swift in Sources */,
				8064657C2767352A0084896C /* WeatherDetailView.swift in Sources */,
				80262D89275FC08E001A662B /* SettingsDetailsTableViewCell.swift in Sources */,
				80F30393275F7E6C00AB80E9 /* SettingsModel.swift in Sources */,
				808C09702758CBF6009AF7DF /* ImageWeather.swift in Sources */,
				80F30381275F60A600AB80E9 /* SettingsViewController.swift in Sources */,
				80630845274F91CB003C7905 /* WeatherViewController.swift in Sources */,
				808C097527592F5C009AF7DF /* TabBarController.swift in Sources */,
				803B807E2760B6C000BCA239 /* SettingsManager.swift in Sources */,
				8063083D274E8BDE003C7905 /* ResponseModel.swift in Sources */,
				80262D81275FA7B4001A662B /* SettingsTableViewCell.swift in Sources */,
				809A6B14276259FA0032D06C /* СonverterManager.swift in Sources */,
				80EBCC77274D53E600319585 /* SceneDelegate.swift in Sources */,
				80896BD82767A3EA00C238AE /* WeatherDetailsModel.swift in Sources */,
			);
			runOnlyForDeploymentPostprocessing = 0;
		};
/* End PBXSourcesBuildPhase section */

/* Begin PBXVariantGroup section */
		80EBCC7A274D53E600319585 /* Main.storyboard */ = {
			isa = PBXVariantGroup;
			children = (
				80EBCC7B274D53E600319585 /* Base */,
			);
			name = Main.storyboard;
			sourceTree = "<group>";
		};
		80EBCC7F274D53F200319585 /* LaunchScreen.storyboard */ = {
			isa = PBXVariantGroup;
			children = (
				80EBCC80274D53F200319585 /* Base */,
			);
			name = LaunchScreen.storyboard;
			sourceTree = "<group>";
		};
/* End PBXVariantGroup section */

/* Begin XCBuildConfiguration section */
		80EBCC83274D53F200319585 /* Debug */ = {
			isa = XCBuildConfiguration;
			buildSettings = {
				ALWAYS_SEARCH_USER_PATHS = NO;
				CLANG_ANALYZER_NONNULL = YES;
				CLANG_ANALYZER_NUMBER_OBJECT_CONVERSION = YES_AGGRESSIVE;
				CLANG_CXX_LANGUAGE_STANDARD = "gnu++17";
				CLANG_CXX_LIBRARY = "libc++";
				CLANG_ENABLE_MODULES = YES;
				CLANG_ENABLE_OBJC_ARC = YES;
				CLANG_ENABLE_OBJC_WEAK = YES;
				CLANG_WARN_BLOCK_CAPTURE_AUTORELEASING = YES;
				CLANG_WARN_BOOL_CONVERSION = YES;
				CLANG_WARN_COMMA = YES;
				CLANG_WARN_CONSTANT_CONVERSION = YES;
				CLANG_WARN_DEPRECATED_OBJC_IMPLEMENTATIONS = YES;
				CLANG_WARN_DIRECT_OBJC_ISA_USAGE = YES_ERROR;
				CLANG_WARN_DOCUMENTATION_COMMENTS = YES;
				CLANG_WARN_EMPTY_BODY = YES;
				CLANG_WARN_ENUM_CONVERSION = YES;
				CLANG_WARN_INFINITE_RECURSION = YES;
				CLANG_WARN_INT_CONVERSION = YES;
				CLANG_WARN_NON_LITERAL_NULL_CONVERSION = YES;
				CLANG_WARN_OBJC_IMPLICIT_RETAIN_SELF = YES;
				CLANG_WARN_OBJC_LITERAL_CONVERSION = YES;
				CLANG_WARN_OBJC_ROOT_CLASS = YES_ERROR;
				CLANG_WARN_QUOTED_INCLUDE_IN_FRAMEWORK_HEADER = YES;
				CLANG_WARN_RANGE_LOOP_ANALYSIS = YES;
				CLANG_WARN_STRICT_PROTOTYPES = YES;
				CLANG_WARN_SUSPICIOUS_MOVE = YES;
				CLANG_WARN_UNGUARDED_AVAILABILITY = YES_AGGRESSIVE;
				CLANG_WARN_UNREACHABLE_CODE = YES;
				CLANG_WARN__DUPLICATE_METHOD_MATCH = YES;
				COPY_PHASE_STRIP = NO;
				DEBUG_INFORMATION_FORMAT = dwarf;
				ENABLE_STRICT_OBJC_MSGSEND = YES;
				ENABLE_TESTABILITY = YES;
				GCC_C_LANGUAGE_STANDARD = gnu11;
				GCC_DYNAMIC_NO_PIC = NO;
				GCC_NO_COMMON_BLOCKS = YES;
				GCC_OPTIMIZATION_LEVEL = 0;
				GCC_PREPROCESSOR_DEFINITIONS = (
					"DEBUG=1",
					"$(inherited)",
				);
				GCC_WARN_64_TO_32_BIT_CONVERSION = YES;
				GCC_WARN_ABOUT_RETURN_TYPE = YES_ERROR;
				GCC_WARN_UNDECLARED_SELECTOR = YES;
				GCC_WARN_UNINITIALIZED_AUTOS = YES_AGGRESSIVE;
				GCC_WARN_UNUSED_FUNCTION = YES;
				GCC_WARN_UNUSED_VARIABLE = YES;
				IPHONEOS_DEPLOYMENT_TARGET = 14.0;
				MTL_ENABLE_DEBUG_INFO = INCLUDE_SOURCE;
				MTL_FAST_MATH = YES;
				ONLY_ACTIVE_ARCH = YES;
				SDKROOT = iphoneos;
				SWIFT_ACTIVE_COMPILATION_CONDITIONS = DEBUG;
				SWIFT_OPTIMIZATION_LEVEL = "-Onone";
			};
			name = Debug;
		};
		80EBCC84274D53F200319585 /* Release */ = {
			isa = XCBuildConfiguration;
			buildSettings = {
				ALWAYS_SEARCH_USER_PATHS = NO;
				CLANG_ANALYZER_NONNULL = YES;
				CLANG_ANALYZER_NUMBER_OBJECT_CONVERSION = YES_AGGRESSIVE;
				CLANG_CXX_LANGUAGE_STANDARD = "gnu++17";
				CLANG_CXX_LIBRARY = "libc++";
				CLANG_ENABLE_MODULES = YES;
				CLANG_ENABLE_OBJC_ARC = YES;
				CLANG_ENABLE_OBJC_WEAK = YES;
				CLANG_WARN_BLOCK_CAPTURE_AUTORELEASING = YES;
				CLANG_WARN_BOOL_CONVERSION = YES;
				CLANG_WARN_COMMA = YES;
				CLANG_WARN_CONSTANT_CONVERSION = YES;
				CLANG_WARN_DEPRECATED_OBJC_IMPLEMENTATIONS = YES;
				CLANG_WARN_DIRECT_OBJC_ISA_USAGE = YES_ERROR;
				CLANG_WARN_DOCUMENTATION_COMMENTS = YES;
				CLANG_WARN_EMPTY_BODY = YES;
				CLANG_WARN_ENUM_CONVERSION = YES;
				CLANG_WARN_INFINITE_RECURSION = YES;
				CLANG_WARN_INT_CONVERSION = YES;
				CLANG_WARN_NON_LITERAL_NULL_CONVERSION = YES;
				CLANG_WARN_OBJC_IMPLICIT_RETAIN_SELF = YES;
				CLANG_WARN_OBJC_LITERAL_CONVERSION = YES;
				CLANG_WARN_OBJC_ROOT_CLASS = YES_ERROR;
				CLANG_WARN_QUOTED_INCLUDE_IN_FRAMEWORK_HEADER = YES;
				CLANG_WARN_RANGE_LOOP_ANALYSIS = YES;
				CLANG_WARN_STRICT_PROTOTYPES = YES;
				CLANG_WARN_SUSPICIOUS_MOVE = YES;
				CLANG_WARN_UNGUARDED_AVAILABILITY = YES_AGGRESSIVE;
				CLANG_WARN_UNREACHABLE_CODE = YES;
				CLANG_WARN__DUPLICATE_METHOD_MATCH = YES;
				COPY_PHASE_STRIP = NO;
				DEBUG_INFORMATION_FORMAT = "dwarf-with-dsym";
				ENABLE_NS_ASSERTIONS = NO;
				ENABLE_STRICT_OBJC_MSGSEND = YES;
				GCC_C_LANGUAGE_STANDARD = gnu11;
				GCC_NO_COMMON_BLOCKS = YES;
				GCC_WARN_64_TO_32_BIT_CONVERSION = YES;
				GCC_WARN_ABOUT_RETURN_TYPE = YES_ERROR;
				GCC_WARN_UNDECLARED_SELECTOR = YES;
				GCC_WARN_UNINITIALIZED_AUTOS = YES_AGGRESSIVE;
				GCC_WARN_UNUSED_FUNCTION = YES;
				GCC_WARN_UNUSED_VARIABLE = YES;
				IPHONEOS_DEPLOYMENT_TARGET = 14.0;
				MTL_ENABLE_DEBUG_INFO = NO;
				MTL_FAST_MATH = YES;
				SDKROOT = iphoneos;
				SWIFT_COMPILATION_MODE = wholemodule;
				SWIFT_OPTIMIZATION_LEVEL = "-O";
				VALIDATE_PRODUCT = YES;
			};
			name = Release;
		};
		80EBCC86274D53F200319585 /* Debug */ = {
			isa = XCBuildConfiguration;
			baseConfigurationReference = E586CDE6186AA06D6E121DAD /* Pods-WeatherAppSP.debug.xcconfig */;
			buildSettings = {
				ASSETCATALOG_COMPILER_APPICON_NAME = AppIcon;
				ASSETCATALOG_COMPILER_GLOBAL_ACCENT_COLOR_NAME = AccentColor;
				CODE_SIGN_STYLE = Automatic;
				CURRENT_PROJECT_VERSION = 1;
				GENERATE_INFOPLIST_FILE = YES;
				INFOPLIST_FILE = WeatherAppSP/Info.plist;
				INFOPLIST_KEY_UIApplicationSupportsIndirectInputEvents = YES;
				INFOPLIST_KEY_UILaunchStoryboardName = LaunchScreen;
				INFOPLIST_KEY_UIMainStoryboardFile = Main;
				INFOPLIST_KEY_UISupportedInterfaceOrientations = UIInterfaceOrientationPortrait;
				INFOPLIST_KEY_UISupportedInterfaceOrientations_iPad = "UIInterfaceOrientationPortrait UIInterfaceOrientationPortraitUpsideDown UIInterfaceOrientationLandscapeLeft UIInterfaceOrientationLandscapeRight";
				INFOPLIST_KEY_UISupportedInterfaceOrientations_iPhone = "UIInterfaceOrientationPortrait UIInterfaceOrientationLandscapeLeft UIInterfaceOrientationLandscapeRight";
				IPHONEOS_DEPLOYMENT_TARGET = 14.0;
				LD_RUNPATH_SEARCH_PATHS = (
					"$(inherited)",
					"@executable_path/Frameworks",
				);
				MARKETING_VERSION = 1.0;
				PRODUCT_BUNDLE_IDENTIFIER = sergei.podobnyi.WeatherAppSP;
				PRODUCT_NAME = "$(TARGET_NAME)";
				SWIFT_EMIT_LOC_STRINGS = YES;
				SWIFT_VERSION = 5.0;
				TARGETED_DEVICE_FAMILY = "1,2";
			};
			name = Debug;
		};
		80EBCC87274D53F200319585 /* Release */ = {
			isa = XCBuildConfiguration;
			baseConfigurationReference = 8A03CE07C9741492B7E7745C /* Pods-WeatherAppSP.release.xcconfig */;
			buildSettings = {
				ASSETCATALOG_COMPILER_APPICON_NAME = AppIcon;
				ASSETCATALOG_COMPILER_GLOBAL_ACCENT_COLOR_NAME = AccentColor;
				CODE_SIGN_STYLE = Automatic;
				CURRENT_PROJECT_VERSION = 1;
				GENERATE_INFOPLIST_FILE = YES;
				INFOPLIST_FILE = WeatherAppSP/Info.plist;
				INFOPLIST_KEY_UIApplicationSupportsIndirectInputEvents = YES;
				INFOPLIST_KEY_UILaunchStoryboardName = LaunchScreen;
				INFOPLIST_KEY_UIMainStoryboardFile = Main;
				INFOPLIST_KEY_UISupportedInterfaceOrientations = UIInterfaceOrientationPortrait;
				INFOPLIST_KEY_UISupportedInterfaceOrientations_iPad = "UIInterfaceOrientationPortrait UIInterfaceOrientationPortraitUpsideDown UIInterfaceOrientationLandscapeLeft UIInterfaceOrientationLandscapeRight";
				INFOPLIST_KEY_UISupportedInterfaceOrientations_iPhone = "UIInterfaceOrientationPortrait UIInterfaceOrientationLandscapeLeft UIInterfaceOrientationLandscapeRight";
				IPHONEOS_DEPLOYMENT_TARGET = 14.0;
				LD_RUNPATH_SEARCH_PATHS = (
					"$(inherited)",
					"@executable_path/Frameworks",
				);
				MARKETING_VERSION = 1.0;
				PRODUCT_BUNDLE_IDENTIFIER = sergei.podobnyi.WeatherAppSP;
				PRODUCT_NAME = "$(TARGET_NAME)";
				SWIFT_EMIT_LOC_STRINGS = YES;
				SWIFT_VERSION = 5.0;
				TARGETED_DEVICE_FAMILY = "1,2";
			};
			name = Release;
		};
/* End XCBuildConfiguration section */

/* Begin XCConfigurationList section */
		80EBCC6C274D53E600319585 /* Build configuration list for PBXProject "WeatherAppSP" */ = {
			isa = XCConfigurationList;
			buildConfigurations = (
				80EBCC83274D53F200319585 /* Debug */,
				80EBCC84274D53F200319585 /* Release */,
			);
			defaultConfigurationIsVisible = 0;
			defaultConfigurationName = Release;
		};
		80EBCC85274D53F200319585 /* Build configuration list for PBXNativeTarget "WeatherAppSP" */ = {
			isa = XCConfigurationList;
			buildConfigurations = (
				80EBCC86274D53F200319585 /* Debug */,
				80EBCC87274D53F200319585 /* Release */,
			);
			defaultConfigurationIsVisible = 0;
			defaultConfigurationName = Release;
		};
/* End XCConfigurationList section */
	};
	rootObject = 80EBCC69274D53E600319585 /* Project object */;
}
